<?xml version="1.0" encoding="utf-8"?>
<Project ToolsVersion="4.0" xmlns="http://schemas.microsoft.com/developer/msbuild/2003">
  <ItemGroup>
    <Filter Include="源文件">
      <UniqueIdentifier>{4FC737F1-C7A5-4376-A066-2A32D752A2FF}</UniqueIdentifier>
      <Extensions>cpp;c;cc;cxx;def;odl;idl;hpj;bat;asm;asmx</Extensions>
    </Filter>
    <Filter Include="头文件">
      <UniqueIdentifier>{93995380-89BD-4b04-88EB-625FBE52EBFB}</UniqueIdentifier>
      <Extensions>h;hh;hpp;hxx;hm;inl;inc;ipp;xsd</Extensions>
    </Filter>
    <Filter Include="资源文件">
      <UniqueIdentifier>{67DA6AB6-F800-4c08-8B7A-83BB121AAD01}</UniqueIdentifier>
      <Extensions>rc;ico;cur;bmp;dlg;rc2;rct;bin;rgs;gif;jpg;jpeg;jpe;resx;tiff;tif;png;wav;mfcribbon-ms</Extensions>
    </Filter>
  </ItemGroup>
  <ItemGroup>
    <ClInclude Include="SqList.h">
      <Filter>头文件</Filter>
    </ClInclude>
    <ClInclude Include="Test.h">
      <Filter>头文件</Filter>
    </ClInclude>
    <ClInclude Include="stdafx.h">
      <Filter>头文件</Filter>
    </ClInclude>
    <ClInclude Include="LinkList.h">
      <Filter>头文件</Filter>
    </ClInclude>
    <ClInclude Include="DLinkList.h">
      <Filter>头文件</Filter>
    </ClInclude>
    <ClInclude Include="SqStack.h">
      <Filter>头文件</Filter>
    </ClInclude>
    <ClInclude Include="Rand.h">
      <Filter>头文件</Filter>
    </ClInclude>
    <ClInclude Include="Algorithm.h">
      <Filter>头文件</Filter>
    </ClInclude>
    <ClInclude Include="SqQueue.h">
      <Filter>头文件</Filter>
    </ClInclude>
    <ClInclude Include="SqBase.h">
      <Filter>头文件</Filter>
    </ClInclude>
    <ClInclude Include="LinkQueue.h">
      <Filter>头文件</Filter>
    </ClInclude>
    <ClInclude Include="LinkBase.h">
      <Filter>头文件</Filter>
    </ClInclude>
    <ClInclude Include="Calculator.h">
      <Filter>头文件</Filter>
    </ClInclude>
    <ClInclude Include="BiTree.h">
      <Filter>头文件</Filter>
    </ClInclude>
    <ClInclude Include="ThreadTree.h">
      <Filter>头文件</Filter>
    </ClInclude>
    <ClInclude Include="Graph.h">
      <Filter>头文件</Filter>
    </ClInclude>
    <ClInclude Include="String.h">
      <Filter>头文件</Filter>
    </ClInclude>
    <ClInclude Include="exam.h">
      <Filter>头文件</Filter>
    </ClInclude>
    <ClInclude Include="dp01.h">
      <Filter>头文件</Filter>
    </ClInclude>
    <ClInclude Include="tsp.h">
      <Filter>头文件</Filter>
    </ClInclude>
    <ClInclude Include="1171_1.h">
      <Filter>头文件</Filter>
    </ClInclude>
    <ClInclude Include="1171_2.h">
      <Filter>头文件</Filter>
    </ClInclude>
    <ClInclude Include="dp.h">
      <Filter>头文件</Filter>
    </ClInclude>
    <ClInclude Include="2017.h">
      <Filter>头文件</Filter>
    </ClInclude>
    <ClInclude Include="1650.h">
      <Filter>头文件</Filter>
    </ClInclude>
    <ClInclude Include="二分图匹配.h">
      <Filter>头文件</Filter>
    </ClInclude>
    <ClInclude Include="xxxx.h">
      <Filter>头文件</Filter>
    </ClInclude>
  </ItemGroup>
  <ItemGroup>
    <ClCompile Include="main.cpp">
      <Filter>源文件</Filter>
    </ClCompile>
    <ClCompile Include="Test.cpp">
      <Filter>源文件</Filter>
    </ClCompile>
    <ClCompile Include="Calculator.cpp">
      <Filter>源文件</Filter>
    </ClCompile>
    <ClCompile Include="String.cpp">
      <Filter>源文件</Filter>
    </ClCompile>
    <ClCompile Include="Algorithm.cpp">
      <Filter>源文件</Filter>
    </ClCompile>
  </ItemGroup>
</Project>